
Microsoft Visual Studio Solution File, Format Version 12.00
Project("{FAE04EC0-301F-11D3-BF4B-00C04F79EFBC}") = "LedgerCore", "LedgerCore.csproj", "{425D62DD-6646-4C44-AE67-3E91CFADDC5C}"
EndProject
Global
	GlobalSection(SolutionConfigurationPlatforms) = preSolution
		Debug|Any CPU = Debug|Any CPU
		Release|Any CPU = Release|Any CPU
	EndGlobalSection
	GlobalSection(ProjectConfigurationPlatforms) = postSolution
		{425D62DD-6646-4C44-AE67-3E91CFADDC5C}.Debug|Any CPU.ActiveCfg = Debug|Any CPU
		{425D62DD-6646-4C44-AE67-3E91CFADDC5C}.Debug|Any CPU.Build.0 = Debug|Any CPU
		{425D62DD-6646-4C44-AE67-3E91CFADDC5C}.Release|Any CPU.ActiveCfg = Release|Any CPU
		{425D62DD-6646-4C44-AE67-3E91CFADDC5C}.Release|Any CPU.Build.0 = Release|Any CPU
	EndGlobalSection
EndGlobal
